# THIS IS AN AUTOGENERATED FILE. DO NOT EDIT THIS FILE DIRECTLY.
# yarn lockfile v1


ethers-eip712@^0.2.0:
  version "0.2.0"
  resolved "https://registry.yarnpkg.com/ethers-eip712/-/ethers-eip712-0.2.0.tgz#52973b3a9a22638f7357283bf66624994c6e91ed"
  integrity sha512-fgS196gCIXeiLwhsWycJJuxI9nL/AoUPGSQ+yvd+8wdWR+43G+J1n69LmWVWvAON0M6qNaf2BF4/M159U8fujQ==
